goarrg.com v0.0.0-20231025134844-bf6045fe96c6 h1:f+Le4xOKk3BHGfAvQEN7h9mlq/KjWrL4/udGGMtACpQ=
goarrg.com v0.0.0-20231025134844-bf6045fe96c6/go.mod h1:8Hpddp37UWut1et8ikdxDVARjPDKVmRZeLOwyDGtL3A=
golang.org/x/exp v0.0.0-20231006140011-7918f672742d h1:jtJma62tbqLibJ5sFQz8bKtEM8rJBtfilJ2qTU199MI=
golang.org/x/exp v0.0.0-20231006140011-7918f672742d/go.mod h1:ldy0pHrwJyGW56pPQzzkH36rKxoZW1tw7ZJpeKx+hdo=
golang.org/x/sys v0.13.0 h1:Af8nKPmuFypiUBjVoU9V20FiaFXOcuZI21p0ycVYYGE=
golang.org/x/sys v0.13.0/go.mod h1:oPkhp1MJrh7nUepCBck5+mAzfO9JrbApNNgaTdGDITg=
